
Microsoft Visual Studio Solution File, Format Version 12.00
# Visual Studio Version 16
VisualStudioVersion = 16.0.31025.194
MinimumVisualStudioVersion = 10.0.40219.1
Project("{FAE04EC0-301F-11D3-BF4B-00C04F79EFBC}") = "FirstApp", "FirstApp\FirstApp.csproj", "{F2C69789-45E8-4C8B-A879-2ABB3925C6FB}"
EndProject
Global
	GlobalSection(SolutionConfigurationPlatforms) = preSolution
		Debug|Any CPU = Debug|Any CPU
		Release|Any CPU = Release|Any CPU
	EndGlobalSection
	GlobalSection(ProjectConfigurationPlatforms) = postSolution
		{F2C69789-45E8-4C8B-A879-2ABB3925C6FB}.Debug|Any CPU.ActiveCfg = Debug|Any CPU
		{F2C69789-45E8-4C8B-A879-2ABB3925C6FB}.Debug|Any CPU.Build.0 = Debug|Any CPU
		{F2C69789-45E8-4C8B-A879-2ABB3925C6FB}.Release|Any CPU.ActiveCfg = Release|Any CPU
		{F2C69789-45E8-4C8B-A879-2ABB3925C6FB}.Release|Any CPU.Build.0 = Release|Any CPU
	EndGlobalSection
	GlobalSection(SolutionProperties) = preSolution
		HideSolutionNode = FALSE
	EndGlobalSection
	GlobalSection(ExtensibilityGlobals) = postSolution
		SolutionGuid = {3DC898B0-F05D-4F6C-BF9A-45A56CDA1518}
	EndGlobalSection
EndGlobal
